
Microsoft Visual Studio Solution File, Format Version 12.00
# Visual Studio Version 17
VisualStudioVersion = 17.14.35906.104 d17.14
MinimumVisualStudioVersion = 10.0.40219.1
Project("{FAE04EC0-301F-11D3-BF4B-00C04F79EFBC}") = "PracticingDesignPattern", "PracticingDesignPattern\PracticingDesignPattern.csproj", "{AF1292ED-7FF2-4AD8-9DE6-423C0F80E88F}"
EndProject
Global
	GlobalSection(SolutionConfigurationPlatforms) = preSolution
		Debug|Any CPU = Debug|Any CPU
		Release|Any CPU = Release|Any CPU
	EndGlobalSection
	GlobalSection(ProjectConfigurationPlatforms) = postSolution
		{AF1292ED-7FF2-4AD8-9DE6-423C0F80E88F}.Debug|Any CPU.ActiveCfg = Debug|Any CPU
		{AF1292ED-7FF2-4AD8-9DE6-423C0F80E88F}.Debug|Any CPU.Build.0 = Debug|Any CPU
		{AF1292ED-7FF2-4AD8-9DE6-423C0F80E88F}.Release|Any CPU.ActiveCfg = Release|Any CPU
		{AF1292ED-7FF2-4AD8-9DE6-423C0F80E88F}.Release|Any CPU.Build.0 = Release|Any CPU
	EndGlobalSection
	GlobalSection(SolutionProperties) = preSolution
		HideSolutionNode = FALSE
	EndGlobalSection
	GlobalSection(ExtensibilityGlobals) = postSolution
		SolutionGuid = {77CADE78-C99A-457C-A3C3-9B258BDD62A3}
	EndGlobalSection
EndGlobal
